// !$*UTF8*$!
{
	archiveVersion = 1;
	classes = {
	};
	objectVersion = 56;
	objects = {

/* Begin PBXBuildFile section */
		3D117401297ED036003BC7F7 /* AppDelegate.swift in Sources */ = {isa = PBXBuildFile; fileRef = 3D117400297ED036003BC7F7 /* AppDelegate.swift */; };
		3D117403297ED036003BC7F7 /* SceneDelegate.swift in Sources */ = {isa = PBXBuildFile; fileRef = 3D117402297ED036003BC7F7 /* SceneDelegate.swift */; };
		3D11740A297ED036003BC7F7 /* Assets.xcassets in Resources */ = {isa = PBXBuildFile; fileRef = 3D117409297ED036003BC7F7 /* Assets.xcassets */; };
		3D11740D297ED036003BC7F7 /* LaunchScreen.storyboard in Resources */ = {isa = PBXBuildFile; fileRef = 3D11740B297ED036003BC7F7 /* LaunchScreen.storyboard */; };
		3D11741C297ED817003BC7F7 /* CollectionView.swift in Sources */ = {isa = PBXBuildFile; fileRef = 3D11741B297ED817003BC7F7 /* CollectionView.swift */; };
		3D117425297EDA5C003BC7F7 /* Section.swift in Sources */ = {isa = PBXBuildFile; fileRef = 3D117424297EDA5C003BC7F7 /* Section.swift */; };
		3D117427297EDBC4003BC7F7 /* Item.swift in Sources */ = {isa = PBXBuildFile; fileRef = 3D117426297EDBC4003BC7F7 /* Item.swift */; };
		3D117429297EDC73003BC7F7 /* ModelProvider.swift in Sources */ = {isa = PBXBuildFile; fileRef = 3D117428297EDC73003BC7F7 /* ModelProvider.swift */; };
		3D117434297EEA64003BC7F7 /* HomeViewController.swift in Sources */ = {isa = PBXBuildFile; fileRef = 3D117433297EEA64003BC7F7 /* HomeViewController.swift */; };
		3D117436297EEA77003BC7F7 /* HomeView.swift in Sources */ = {isa = PBXBuildFile; fileRef = 3D117435297EEA77003BC7F7 /* HomeView.swift */; };
		3D117439297EEEE3003BC7F7 /* UILabelView.swift in Sources */ = {isa = PBXBuildFile; fileRef = 3D117438297EEEE3003BC7F7 /* UILabelView.swift */; };
		3D11743D297FBEBA003BC7F7 /* Category.swift in Sources */ = {isa = PBXBuildFile; fileRef = 3D11743C297FBEBA003BC7F7 /* Category.swift */; };
		3D117441297FC364003BC7F7 /* GridLayoutViewController.swift in Sources */ = {isa = PBXBuildFile; fileRef = 3D117440297FC364003BC7F7 /* GridLayoutViewController.swift */; };
		3D117443297FC435003BC7F7 /* LayoutView.swift in Sources */ = {isa = PBXBuildFile; fileRef = 3D117442297FC435003BC7F7 /* LayoutView.swift */; };
		3D11744A297FC549003BC7F7 /* GridCollectionViewCompositionalLayout.swift in Sources */ = {isa = PBXBuildFile; fileRef = 3D117449297FC549003BC7F7 /* GridCollectionViewCompositionalLayout.swift */; };
		3D11744D297FD1A9003BC7F7 /* GridLayoutDataSource.swift in Sources */ = {isa = PBXBuildFile; fileRef = 3D11744C297FD1A9003BC7F7 /* GridLayoutDataSource.swift */; };
		3D117451297FD26B003BC7F7 /* CollectionViewGridLayoutCell.swift in Sources */ = {isa = PBXBuildFile; fileRef = 3D117450297FD26B003BC7F7 /* CollectionViewGridLayoutCell.swift */; };
		3D11746C2982B4AC003BC7F7 /* UISliderView.swift in Sources */ = {isa = PBXBuildFile; fileRef = 3D11746B2982B4AC003BC7F7 /* UISliderView.swift */; };
		3DB15A772983F25300F59CEB /* HorizontalScrollableLayoutViewController.swift in Sources */ = {isa = PBXBuildFile; fileRef = 3DB15A762983F25300F59CEB /* HorizontalScrollableLayoutViewController.swift */; };
		3DB15A7A2983F2A200F59CEB /* XScrollableLayoutView.swift in Sources */ = {isa = PBXBuildFile; fileRef = 3DB15A792983F2A200F59CEB /* XScrollableLayoutView.swift */; };
		3DB15A7C2986DEC300F59CEB /* UICollectionViewCompositionalLayout+Extension.swift in Sources */ = {isa = PBXBuildFile; fileRef = 3DB15A7B2986DEC300F59CEB /* UICollectionViewCompositionalLayout+Extension.swift */; };
		3DB15A7F2988393300F59CEB /* HasValueProvider.swift in Sources */ = {isa = PBXBuildFile; fileRef = 3DB15A7E2988393300F59CEB /* HasValueProvider.swift */; };
		3DB15A82298846E000F59CEB /* GridLayoutView.swift in Sources */ = {isa = PBXBuildFile; fileRef = 3DB15A81298846E000F59CEB /* GridLayoutView.swift */; };
		3DB15A8529884E9100F59CEB /* UISliderViewType.swift in Sources */ = {isa = PBXBuildFile; fileRef = 3DB15A8429884E9100F59CEB /* UISliderViewType.swift */; };
/* End PBXBuildFile section */

/* Begin PBXFileReference section */
		3D1173FD297ED036003BC7F7 /* Sample.app */ = {isa = PBXFileReference; explicitFileType = wrapper.application; includeInIndex = 0; path = Sample.app; sourceTree = BUILT_PRODUCTS_DIR; };
		3D117400297ED036003BC7F7 /* AppDelegate.swift */ = {isa = PBXFileReference; lastKnownFileType = sourcecode.swift; path = AppDelegate.swift; sourceTree = "<group>"; };
		3D117402297ED036003BC7F7 /* SceneDelegate.swift */ = {isa = PBXFileReference; lastKnownFileType = sourcecode.swift; path = SceneDelegate.swift; sourceTree = "<group>"; };
		3D117409297ED036003BC7F7 /* Assets.xcassets */ = {isa = PBXFileReference; lastKnownFileType = folder.assetcatalog; path = Assets.xcassets; sourceTree = "<group>"; };
		3D11740C297ED036003BC7F7 /* Base */ = {isa = PBXFileReference; lastKnownFileType = file.storyboard; name = Base; path = Base.lproj/LaunchScreen.storyboard; sourceTree = "<group>"; };
		3D11740E297ED036003BC7F7 /* Info.plist */ = {isa = PBXFileReference; lastKnownFileType = text.plist.xml; path = Info.plist; sourceTree = "<group>"; };
		3D11741B297ED817003BC7F7 /* CollectionView.swift */ = {isa = PBXFileReference; lastKnownFileType = sourcecode.swift; path = CollectionView.swift; sourceTree = "<group>"; };
		3D117424297EDA5C003BC7F7 /* Section.swift */ = {isa = PBXFileReference; lastKnownFileType = sourcecode.swift; path = Section.swift; sourceTree = "<group>"; };
		3D117426297EDBC4003BC7F7 /* Item.swift */ = {isa = PBXFileReference; lastKnownFileType = sourcecode.swift; path = Item.swift; sourceTree = "<group>"; };
		3D117428297EDC73003BC7F7 /* ModelProvider.swift */ = {isa = PBXFileReference; lastKnownFileType = sourcecode.swift; path = ModelProvider.swift; sourceTree = "<group>"; };
		3D117433297EEA64003BC7F7 /* HomeViewController.swift */ = {isa = PBXFileReference; lastKnownFileType = sourcecode.swift; path = HomeViewController.swift; sourceTree = "<group>"; };
		3D117435297EEA77003BC7F7 /* HomeView.swift */ = {isa = PBXFileReference; lastKnownFileType = sourcecode.swift; path = HomeView.swift; sourceTree = "<group>"; };
		3D117438297EEEE3003BC7F7 /* UILabelView.swift */ = {isa = PBXFileReference; lastKnownFileType = sourcecode.swift; path = UILabelView.swift; sourceTree = "<group>"; };
		3D11743C297FBEBA003BC7F7 /* Category.swift */ = {isa = PBXFileReference; lastKnownFileType = sourcecode.swift; path = Category.swift; sourceTree = "<group>"; };
		3D117440297FC364003BC7F7 /* GridLayoutViewController.swift */ = {isa = PBXFileReference; lastKnownFileType = sourcecode.swift; path = GridLayoutViewController.swift; sourceTree = "<group>"; };
		3D117442297FC435003BC7F7 /* LayoutView.swift */ = {isa = PBXFileReference; lastKnownFileType = sourcecode.swift; path = LayoutView.swift; sourceTree = "<group>"; };
		3D117449297FC549003BC7F7 /* GridCollectionViewCompositionalLayout.swift */ = {isa = PBXFileReference; lastKnownFileType = sourcecode.swift; path = GridCollectionViewCompositionalLayout.swift; sourceTree = "<group>"; };
		3D11744C297FD1A9003BC7F7 /* GridLayoutDataSource.swift */ = {isa = PBXFileReference; lastKnownFileType = sourcecode.swift; path = GridLayoutDataSource.swift; sourceTree = "<group>"; };
		3D117450297FD26B003BC7F7 /* CollectionViewGridLayoutCell.swift */ = {isa = PBXFileReference; lastKnownFileType = sourcecode.swift; path = CollectionViewGridLayoutCell.swift; sourceTree = "<group>"; };
		3D11746B2982B4AC003BC7F7 /* UISliderView.swift */ = {isa = PBXFileReference; lastKnownFileType = sourcecode.swift; path = UISliderView.swift; sourceTree = "<group>"; };
		3DB15A762983F25300F59CEB /* HorizontalScrollableLayoutViewController.swift */ = {isa = PBXFileReference; lastKnownFileType = sourcecode.swift; path = HorizontalScrollableLayoutViewController.swift; sourceTree = "<group>"; };
		3DB15A792983F2A200F59CEB /* XScrollableLayoutView.swift */ = {isa = PBXFileReference; lastKnownFileType = sourcecode.swift; path = XScrollableLayoutView.swift; sourceTree = "<group>"; };
		3DB15A7B2986DEC300F59CEB /* UICollectionViewCompositionalLayout+Extension.swift */ = {isa = PBXFileReference; lastKnownFileType = sourcecode.swift; path = "UICollectionViewCompositionalLayout+Extension.swift"; sourceTree = "<group>"; };
		3DB15A7E2988393300F59CEB /* HasValueProvider.swift */ = {isa = PBXFileReference; lastKnownFileType = sourcecode.swift; path = HasValueProvider.swift; sourceTree = "<group>"; };
		3DB15A81298846E000F59CEB /* GridLayoutView.swift */ = {isa = PBXFileReference; lastKnownFileType = sourcecode.swift; path = GridLayoutView.swift; sourceTree = "<group>"; };
		3DB15A8429884E9100F59CEB /* UISliderViewType.swift */ = {isa = PBXFileReference; lastKnownFileType = sourcecode.swift; path = UISliderViewType.swift; sourceTree = "<group>"; };
/* End PBXFileReference section */

/* Begin PBXFrameworksBuildPhase section */
		3D1173FA297ED036003BC7F7 /* Frameworks */ = {
			isa = PBXFrameworksBuildPhase;
			buildActionMask = 2147483647;
			files = (
			);
			runOnlyForDeploymentPostprocessing = 0;
		};
/* End PBXFrameworksBuildPhase section */

/* Begin PBXGroup section */
		3D1173F4297ED036003BC7F7 = {
			isa = PBXGroup;
			children = (
				3D1173FF297ED036003BC7F7 /* Sample */,
				3D1173FE297ED036003BC7F7 /* Products */,
			);
			sourceTree = "<group>";
		};
		3D1173FE297ED036003BC7F7 /* Products */ = {
			isa = PBXGroup;
			children = (
				3D1173FD297ED036003BC7F7 /* Sample.app */,
			);
			name = Products;
			sourceTree = "<group>";
		};
		3D1173FF297ED036003BC7F7 /* Sample */ = {
			isa = PBXGroup;
			children = (
				3D117416297ED252003BC7F7 /* Resources */,
				3D117414297ED227003BC7F7 /* App Delegates */,
				3D117418297ED327003BC7F7 /* View */,
				3D11742F297EEA4D003BC7F7 /* Pages */,
				3D117423297EDA48003BC7F7 /* Model */,
			);
			path = Sample;
			sourceTree = "<group>";
		};
		3D117414297ED227003BC7F7 /* App Delegates */ = {
			isa = PBXGroup;
			children = (
				3D117400297ED036003BC7F7 /* AppDelegate.swift */,
				3D117402297ED036003BC7F7 /* SceneDelegate.swift */,
			);
			path = "App Delegates";
			sourceTree = "<group>";
		};
		3D117416297ED252003BC7F7 /* Resources */ = {
			isa = PBXGroup;
			children = (
				3D11740B297ED036003BC7F7 /* LaunchScreen.storyboard */,
				3D117409297ED036003BC7F7 /* Assets.xcassets */,
				3D11740E297ED036003BC7F7 /* Info.plist */,
			);
			path = Resources;
			sourceTree = "<group>";
		};
		3D117418297ED327003BC7F7 /* View */ = {
			isa = PBXGroup;
			children = (
				3D11744E297FD248003BC7F7 /* CollectionView */,
				3DB15A80298846D800F59CEB /* LayoutView */,
				3DB15A8329884E8400F59CEB /* UISliderView */,
			);
			path = View;
			sourceTree = "<group>";
		};
		3D117423297EDA48003BC7F7 /* Model */ = {
			isa = PBXGroup;
			children = (
				3D117428297EDC73003BC7F7 /* ModelProvider.swift */,
				3D117424297EDA5C003BC7F7 /* Section.swift */,
				3D117426297EDBC4003BC7F7 /* Item.swift */,
			);
			path = Model;
			sourceTree = "<group>";
		};
		3D11742F297EEA4D003BC7F7 /* Pages */ = {
			isa = PBXGroup;
			children = (
				3D117432297EEA5D003BC7F7 /* Home */,
				3D11743F297FC353003BC7F7 /* Layouts */,
			);
			path = Pages;
			sourceTree = "<group>";
		};
		3D117432297EEA5D003BC7F7 /* Home */ = {
			isa = PBXGroup;
			children = (
				3D11743B297FBD54003BC7F7 /* Model */,
				3D11743A297FBD47003BC7F7 /* Controller */,
				3D117437297EEEDC003BC7F7 /* View */,
			);
			path = Home;
			sourceTree = "<group>";
		};
		3D117437297EEEDC003BC7F7 /* View */ = {
			isa = PBXGroup;
			children = (
				3D117435297EEA77003BC7F7 /* HomeView.swift */,
				3D117438297EEEE3003BC7F7 /* UILabelView.swift */,
			);
			path = View;
			sourceTree = "<group>";
		};
		3D11743A297FBD47003BC7F7 /* Controller */ = {
			isa = PBXGroup;
			children = (
				3D117433297EEA64003BC7F7 /* HomeViewController.swift */,
			);
			path = Controller;
			sourceTree = "<group>";
		};
		3D11743B297FBD54003BC7F7 /* Model */ = {
			isa = PBXGroup;
			children = (
				3D11743C297FBEBA003BC7F7 /* Category.swift */,
			);
			path = Model;
			sourceTree = "<group>";
		};
		3D11743E297FC350003BC7F7 /* Grid Layout */ = {
			isa = PBXGroup;
			children = (
				3D117445297FC447003BC7F7 /* View */,
				3D117444297FC440003BC7F7 /* Controller */,
			);
			path = "Grid Layout";
			sourceTree = "<group>";
		};
		3D11743F297FC353003BC7F7 /* Layouts */ = {
			isa = PBXGroup;
			children = (
				3DB15A742983F21F00F59CEB /* X-Scrollable Layout */,
				3D11743E297FC350003BC7F7 /* Grid Layout */,
			);
			path = Layouts;
			sourceTree = "<group>";
		};
		3D117444297FC440003BC7F7 /* Controller */ = {
			isa = PBXGroup;
			children = (
				3D117440297FC364003BC7F7 /* GridLayoutViewController.swift */,
			);
			path = Controller;
			sourceTree = "<group>";
		};
		3D117445297FC447003BC7F7 /* View */ = {
			isa = PBXGroup;
			children = (
			);
			path = View;
			sourceTree = "<group>";
		};
		3D117448297FC4EB003BC7F7 /* CollectionView Layout */ = {
			isa = PBXGroup;
			children = (
				3D117449297FC549003BC7F7 /* GridCollectionViewCompositionalLayout.swift */,
				3DB15A7B2986DEC300F59CEB /* UICollectionViewCompositionalLayout+Extension.swift */,
				3DB15A7D2988392D00F59CEB /* Protocol */,
			);
			path = "CollectionView Layout";
			sourceTree = "<group>";
		};
		3D11744B297FD19E003BC7F7 /* CollectionView DataSource */ = {
			isa = PBXGroup;
			children = (
				3D11744C297FD1A9003BC7F7 /* GridLayoutDataSource.swift */,
			);
			path = "CollectionView DataSource";
			sourceTree = "<group>";
		};
		3D11744E297FD248003BC7F7 /* CollectionView */ = {
			isa = PBXGroup;
			children = (
				3D11744F297FD255003BC7F7 /* View */,
				3D117448297FC4EB003BC7F7 /* CollectionView Layout */,
				3D11744B297FD19E003BC7F7 /* CollectionView DataSource */,
			);
			path = CollectionView;
			sourceTree = "<group>";
		};
		3D11744F297FD255003BC7F7 /* View */ = {
			isa = PBXGroup;
			children = (
				3D11741B297ED817003BC7F7 /* CollectionView.swift */,
				3D117450297FD26B003BC7F7 /* CollectionViewGridLayoutCell.swift */,
			);
			path = View;
			sourceTree = "<group>";
		};
		3DB15A742983F21F00F59CEB /* X-Scrollable Layout */ = {
			isa = PBXGroup;
			children = (
				3DB15A782983F29A00F59CEB /* View */,
				3DB15A752983F23900F59CEB /* Controller */,
			);
			path = "X-Scrollable Layout";
			sourceTree = "<group>";
		};
		3DB15A752983F23900F59CEB /* Controller */ = {
			isa = PBXGroup;
			children = (
				3DB15A762983F25300F59CEB /* HorizontalScrollableLayoutViewController.swift */,
			);
			path = Controller;
			sourceTree = "<group>";
		};
		3DB15A782983F29A00F59CEB /* View */ = {
			isa = PBXGroup;
			children = (
				3DB15A792983F2A200F59CEB /* XScrollableLayoutView.swift */,
			);
			path = View;
			sourceTree = "<group>";
		};
		3DB15A7D2988392D00F59CEB /* Protocol */ = {
			isa = PBXGroup;
			children = (
				3DB15A7E2988393300F59CEB /* HasValueProvider.swift */,
			);
			path = Protocol;
			sourceTree = "<group>";
		};
		3DB15A80298846D800F59CEB /* LayoutView */ = {
			isa = PBXGroup;
			children = (
				3D117442297FC435003BC7F7 /* LayoutView.swift */,
				3DB15A81298846E000F59CEB /* GridLayoutView.swift */,
			);
			path = LayoutView;
			sourceTree = "<group>";
		};
		3DB15A8329884E8400F59CEB /* UISliderView */ = {
			isa = PBXGroup;
			children = (
				3D11746B2982B4AC003BC7F7 /* UISliderView.swift */,
				3DB15A8429884E9100F59CEB /* UISliderViewType.swift */,
			);
			path = UISliderView;
			sourceTree = "<group>";
		};
/* End PBXGroup section */

/* Begin PBXNativeTarget section */
		3D1173FC297ED036003BC7F7 /* Sample */ = {
			isa = PBXNativeTarget;
			buildConfigurationList = 3D117411297ED036003BC7F7 /* Build configuration list for PBXNativeTarget "Sample" */;
			buildPhases = (
				3D1173F9297ED036003BC7F7 /* Sources */,
				3D1173FA297ED036003BC7F7 /* Frameworks */,
				3D1173FB297ED036003BC7F7 /* Resources */,
			);
			buildRules = (
			);
			dependencies = (
			);
			name = Sample;
			productName = Sample;
			productReference = 3D1173FD297ED036003BC7F7 /* Sample.app */;
			productType = "com.apple.product-type.application";
		};
/* End PBXNativeTarget section */

/* Begin PBXProject section */
		3D1173F5297ED036003BC7F7 /* Project object */ = {
			isa = PBXProject;
			attributes = {
				BuildIndependentTargetsInParallel = 1;
				LastSwiftUpdateCheck = 1400;
				LastUpgradeCheck = 1400;
				TargetAttributes = {
					3D1173FC297ED036003BC7F7 = {
						CreatedOnToolsVersion = 14.0.1;
					};
				};
			};
			buildConfigurationList = 3D1173F8297ED036003BC7F7 /* Build configuration list for PBXProject "Sample" */;
			compatibilityVersion = "Xcode 14.0";
			developmentRegion = en;
			hasScannedForEncodings = 0;
			knownRegions = (
				en,
				Base,
			);
			mainGroup = 3D1173F4297ED036003BC7F7;
			productRefGroup = 3D1173FE297ED036003BC7F7 /* Products */;
			projectDirPath = "";
			projectRoot = "";
			targets = (
				3D1173FC297ED036003BC7F7 /* Sample */,
			);
		};
/* End PBXProject section */

/* Begin PBXResourcesBuildPhase section */
		3D1173FB297ED036003BC7F7 /* Resources */ = {
			isa = PBXResourcesBuildPhase;
			buildActionMask = 2147483647;
			files = (
				3D11740D297ED036003BC7F7 /* LaunchScreen.storyboard in Resources */,
				3D11740A297ED036003BC7F7 /* Assets.xcassets in Resources */,
			);
			runOnlyForDeploymentPostprocessing = 0;
		};
/* End PBXResourcesBuildPhase section */

/* Begin PBXSourcesBuildPhase section */
		3D1173F9297ED036003BC7F7 /* Sources */ = {
			isa = PBXSourcesBuildPhase;
			buildActionMask = 2147483647;
			files = (
				3D117441297FC364003BC7F7 /* GridLayoutViewController.swift in Sources */,
				3D11744D297FD1A9003BC7F7 /* GridLayoutDataSource.swift in Sources */,
				3DB15A7A2983F2A200F59CEB /* XScrollableLayoutView.swift in Sources */,
				3D117451297FD26B003BC7F7 /* CollectionViewGridLayoutCell.swift in Sources */,
				3DB15A7F2988393300F59CEB /* HasValueProvider.swift in Sources */,
				3DB15A8529884E9100F59CEB /* UISliderViewType.swift in Sources */,
				3D11741C297ED817003BC7F7 /* CollectionView.swift in Sources */,
				3D11744A297FC549003BC7F7 /* GridCollectionViewCompositionalLayout.swift in Sources */,
				3DB15A772983F25300F59CEB /* HorizontalScrollableLayoutViewController.swift in Sources */,
				3D117425297EDA5C003BC7F7 /* Section.swift in Sources */,
				3D117427297EDBC4003BC7F7 /* Item.swift in Sources */,
				3D117436297EEA77003BC7F7 /* HomeView.swift in Sources */,
				3D11746C2982B4AC003BC7F7 /* UISliderView.swift in Sources */,
				3D117434297EEA64003BC7F7 /* HomeViewController.swift in Sources */,
				3D117429297EDC73003BC7F7 /* ModelProvider.swift in Sources */,
				3D11743D297FBEBA003BC7F7 /* Category.swift in Sources */,
				3D117443297FC435003BC7F7 /* LayoutView.swift in Sources */,
				3DB15A7C2986DEC300F59CEB /* UICollectionViewCompositionalLayout+Extension.swift in Sources */,
				3D117401297ED036003BC7F7 /* AppDelegate.swift in Sources */,
				3D117439297EEEE3003BC7F7 /* UILabelView.swift in Sources */,
				3D117403297ED036003BC7F7 /* SceneDelegate.swift in Sources */,
				3DB15A82298846E000F59CEB /* GridLayoutView.swift in Sources */,
			);
			runOnlyForDeploymentPostprocessing = 0;
		};
/* End PBXSourcesBuildPhase section */

/* Begin PBXVariantGroup section */
		3D11740B297ED036003BC7F7 /* LaunchScreen.storyboard */ = {
			isa = PBXVariantGroup;
			children = (
				3D11740C297ED036003BC7F7 /* Base */,
			);
			name = LaunchScreen.storyboard;
			sourceTree = "<group>";
		};
/* End PBXVariantGroup section */

/* Begin XCBuildConfiguration section */
		3D11740F297ED036003BC7F7 /* Debug */ = {
			isa = XCBuildConfiguration;
			buildSettings = {
				ALWAYS_SEARCH_USER_PATHS = NO;
				CLANG_ANALYZER_NONNULL = YES;
				CLANG_ANALYZER_NUMBER_OBJECT_CONVERSION = YES_AGGRESSIVE;
				CLANG_CXX_LANGUAGE_STANDARD = "gnu++20";
				CLANG_ENABLE_MODULES = YES;
				CLANG_ENABLE_OBJC_ARC = YES;
				CLANG_ENABLE_OBJC_WEAK = YES;
				CLANG_WARN_BLOCK_CAPTURE_AUTORELEASING = YES;
				CLANG_WARN_BOOL_CONVERSION = YES;
				CLANG_WARN_COMMA = YES;
				CLANG_WARN_CONSTANT_CONVERSION = YES;
				CLANG_WARN_DEPRECATED_OBJC_IMPLEMENTATIONS = YES;
				CLANG_WARN_DIRECT_OBJC_ISA_USAGE = YES_ERROR;
				CLANG_WARN_DOCUMENTATION_COMMENTS = YES;
				CLANG_WARN_EMPTY_BODY = YES;
				CLANG_WARN_ENUM_CONVERSION = YES;
				CLANG_WARN_INFINITE_RECURSION = YES;
				CLANG_WARN_INT_CONVERSION = YES;
				CLANG_WARN_NON_LITERAL_NULL_CONVERSION = YES;
				CLANG_WARN_OBJC_IMPLICIT_RETAIN_SELF = YES;
				CLANG_WARN_OBJC_LITERAL_CONVERSION = YES;
				CLANG_WARN_OBJC_ROOT_CLASS = YES_ERROR;
				CLANG_WARN_QUOTED_INCLUDE_IN_FRAMEWORK_HEADER = YES;
				CLANG_WARN_RANGE_LOOP_ANALYSIS = YES;
				CLANG_WARN_STRICT_PROTOTYPES = YES;
				CLANG_WARN_SUSPICIOUS_MOVE = YES;
				CLANG_WARN_UNGUARDED_AVAILABILITY = YES_AGGRESSIVE;
				CLANG_WARN_UNREACHABLE_CODE = YES;
				CLANG_WARN__DUPLICATE_METHOD_MATCH = YES;
				COPY_PHASE_STRIP = NO;
				DEBUG_INFORMATION_FORMAT = dwarf;
				ENABLE_STRICT_OBJC_MSGSEND = YES;
				ENABLE_TESTABILITY = YES;
				GCC_C_LANGUAGE_STANDARD = gnu11;
				GCC_DYNAMIC_NO_PIC = NO;
				GCC_NO_COMMON_BLOCKS = YES;
				GCC_OPTIMIZATION_LEVEL = 0;
				GCC_PREPROCESSOR_DEFINITIONS = (
					"DEBUG=1",
					"$(inherited)",
				);
				GCC_WARN_64_TO_32_BIT_CONVERSION = YES;
				GCC_WARN_ABOUT_RETURN_TYPE = YES_ERROR;
				GCC_WARN_UNDECLARED_SELECTOR = YES;
				GCC_WARN_UNINITIALIZED_AUTOS = YES_AGGRESSIVE;
				GCC_WARN_UNUSED_FUNCTION = YES;
				GCC_WARN_UNUSED_VARIABLE = YES;
				IPHONEOS_DEPLOYMENT_TARGET = 16.0;
				MTL_ENABLE_DEBUG_INFO = INCLUDE_SOURCE;
				MTL_FAST_MATH = YES;
				ONLY_ACTIVE_ARCH = YES;
				SDKROOT = iphoneos;
				SWIFT_ACTIVE_COMPILATION_CONDITIONS = DEBUG;
				SWIFT_OPTIMIZATION_LEVEL = "-Onone";
			};
			name = Debug;
		};
		3D117410297ED036003BC7F7 /* Release */ = {
			isa = XCBuildConfiguration;
			buildSettings = {
				ALWAYS_SEARCH_USER_PATHS = NO;
				CLANG_ANALYZER_NONNULL = YES;
				CLANG_ANALYZER_NUMBER_OBJECT_CONVERSION = YES_AGGRESSIVE;
				CLANG_CXX_LANGUAGE_STANDARD = "gnu++20";
				CLANG_ENABLE_MODULES = YES;
				CLANG_ENABLE_OBJC_ARC = YES;
				CLANG_ENABLE_OBJC_WEAK = YES;
				CLANG_WARN_BLOCK_CAPTURE_AUTORELEASING = YES;
				CLANG_WARN_BOOL_CONVERSION = YES;
				CLANG_WARN_COMMA = YES;
				CLANG_WARN_CONSTANT_CONVERSION = YES;
				CLANG_WARN_DEPRECATED_OBJC_IMPLEMENTATIONS = YES;
				CLANG_WARN_DIRECT_OBJC_ISA_USAGE = YES_ERROR;
				CLANG_WARN_DOCUMENTATION_COMMENTS = YES;
				CLANG_WARN_EMPTY_BODY = YES;
				CLANG_WARN_ENUM_CONVERSION = YES;
				CLANG_WARN_INFINITE_RECURSION = YES;
				CLANG_WARN_INT_CONVERSION = YES;
				CLANG_WARN_NON_LITERAL_NULL_CONVERSION = YES;
				CLANG_WARN_OBJC_IMPLICIT_RETAIN_SELF = YES;
				CLANG_WARN_OBJC_LITERAL_CONVERSION = YES;
				CLANG_WARN_OBJC_ROOT_CLASS = YES_ERROR;
				CLANG_WARN_QUOTED_INCLUDE_IN_FRAMEWORK_HEADER = YES;
				CLANG_WARN_RANGE_LOOP_ANALYSIS = YES;
				CLANG_WARN_STRICT_PROTOTYPES = YES;
				CLANG_WARN_SUSPICIOUS_MOVE = YES;
				CLANG_WARN_UNGUARDED_AVAILABILITY = YES_AGGRESSIVE;
				CLANG_WARN_UNREACHABLE_CODE = YES;
				CLANG_WARN__DUPLICATE_METHOD_MATCH = YES;
				COPY_PHASE_STRIP = NO;
				DEBUG_INFORMATION_FORMAT = "dwarf-with-dsym";
				ENABLE_NS_ASSERTIONS = NO;
				ENABLE_STRICT_OBJC_MSGSEND = YES;
				GCC_C_LANGUAGE_STANDARD = gnu11;
				GCC_NO_COMMON_BLOCKS = YES;
				GCC_WARN_64_TO_32_BIT_CONVERSION = YES;
				GCC_WARN_ABOUT_RETURN_TYPE = YES_ERROR;
				GCC_WARN_UNDECLARED_SELECTOR = YES;
				GCC_WARN_UNINITIALIZED_AUTOS = YES_AGGRESSIVE;
				GCC_WARN_UNUSED_FUNCTION = YES;
				GCC_WARN_UNUSED_VARIABLE = YES;
				IPHONEOS_DEPLOYMENT_TARGET = 16.0;
				MTL_ENABLE_DEBUG_INFO = NO;
				MTL_FAST_MATH = YES;
				SDKROOT = iphoneos;
				SWIFT_COMPILATION_MODE = wholemodule;
				SWIFT_OPTIMIZATION_LEVEL = "-O";
				VALIDATE_PRODUCT = YES;
			};
			name = Release;
		};
		3D117412297ED036003BC7F7 /* Debug */ = {
			isa = XCBuildConfiguration;
			buildSettings = {
				ASSETCATALOG_COMPILER_APPICON_NAME = AppIcon;
				ASSETCATALOG_COMPILER_GLOBAL_ACCENT_COLOR_NAME = AccentColor;
				CODE_SIGN_STYLE = Automatic;
				CURRENT_PROJECT_VERSION = 1;
				DEVELOPMENT_TEAM = 2JXBLEGTYV;
				GENERATE_INFOPLIST_FILE = YES;
				INFOPLIST_FILE = Sample/Resources/Info.plist;
				INFOPLIST_KEY_UIApplicationSupportsIndirectInputEvents = YES;
				INFOPLIST_KEY_UILaunchStoryboardName = LaunchScreen;
				INFOPLIST_KEY_UISupportedInterfaceOrientations_iPad = "UIInterfaceOrientationPortrait UIInterfaceOrientationPortraitUpsideDown UIInterfaceOrientationLandscapeLeft UIInterfaceOrientationLandscapeRight";
				INFOPLIST_KEY_UISupportedInterfaceOrientations_iPhone = "UIInterfaceOrientationPortrait UIInterfaceOrientationLandscapeLeft UIInterfaceOrientationLandscapeRight";
				LD_RUNPATH_SEARCH_PATHS = (
					"$(inherited)",
					"@executable_path/Frameworks",
				);
				MARKETING_VERSION = 1.0;
				PRODUCT_BUNDLE_IDENTIFIER = com.sangeui.Sample;
				PRODUCT_NAME = "$(TARGET_NAME)";
				SWIFT_EMIT_LOC_STRINGS = YES;
				SWIFT_VERSION = 5.0;
				TARGETED_DEVICE_FAMILY = "1,2";
			};
			name = Debug;
		};
		3D117413297ED036003BC7F7 /* Release */ = {
			isa = XCBuildConfiguration;
			buildSettings = {
				ASSETCATALOG_COMPILER_APPICON_NAME = AppIcon;
				ASSETCATALOG_COMPILER_GLOBAL_ACCENT_COLOR_NAME = AccentColor;
				CODE_SIGN_STYLE = Automatic;
				CURRENT_PROJECT_VERSION = 1;
				DEVELOPMENT_TEAM = 2JXBLEGTYV;
				GENERATE_INFOPLIST_FILE = YES;
				INFOPLIST_FILE = Sample/Resources/Info.plist;
				INFOPLIST_KEY_UIApplicationSupportsIndirectInputEvents = YES;
				INFOPLIST_KEY_UILaunchStoryboardName = LaunchScreen;
				INFOPLIST_KEY_UISupportedInterfaceOrientations_iPad = "UIInterfaceOrientationPortrait UIInterfaceOrientationPortraitUpsideDown UIInterfaceOrientationLandscapeLeft UIInterfaceOrientationLandscapeRight";
				INFOPLIST_KEY_UISupportedInterfaceOrientations_iPhone = "UIInterfaceOrientationPortrait UIInterfaceOrientationLandscapeLeft UIInterfaceOrientationLandscapeRight";
				LD_RUNPATH_SEARCH_PATHS = (
					"$(inherited)",
					"@executable_path/Frameworks",
				);
				MARKETING_VERSION = 1.0;
				PRODUCT_BUNDLE_IDENTIFIER = com.sangeui.Sample;
				PRODUCT_NAME = "$(TARGET_NAME)";
				SWIFT_EMIT_LOC_STRINGS = YES;
				SWIFT_VERSION = 5.0;
				TARGETED_DEVICE_FAMILY = "1,2";
			};
			name = Release;
		};
/* End XCBuildConfiguration section */

/* Begin XCConfigurationList section */
		3D1173F8297ED036003BC7F7 /* Build configuration list for PBXProject "Sample" */ = {
			isa = XCConfigurationList;
			buildConfigurations = (
				3D11740F297ED036003BC7F7 /* Debug */,
				3D117410297ED036003BC7F7 /* Release */,
			);
			defaultConfigurationIsVisible = 0;
			defaultConfigurationName = Release;
		};
		3D117411297ED036003BC7F7 /* Build configuration list for PBXNativeTarget "Sample" */ = {
			isa = XCConfigurationList;
			buildConfigurations = (
				3D117412297ED036003BC7F7 /* Debug */,
				3D117413297ED036003BC7F7 /* Release */,
			);
			defaultConfigurationIsVisible = 0;
			defaultConfigurationName = Release;
		};
/* End XCConfigurationList section */
	};
	rootObject = 3D1173F5297ED036003BC7F7 /* Project object */;
}
